// !$*UTF8*$!
{
	archiveVersion = 1;
	classes = {
	};
	objectVersion = 48;
	objects = {

/* Begin PBXBuildFile section */
		C01D0C91200ABD4100C489A8 /* AddItemTableViewController.swift in Sources */ = {isa = PBXBuildFile; fileRef = C01D0C90200ABD4100C489A8 /* AddItemTableViewController.swift */; };
		C01D0C95200AC16C00C489A8 /* AddItemTableViewControllerDelegate.swift in Sources */ = {isa = PBXBuildFile; fileRef = C01D0C94200AC16C00C489A8 /* AddItemTableViewControllerDelegate.swift */; };
		C04DE0EF200EFA6D000A011C /* BucketList.xcdatamodeld in Sources */ = {isa = PBXBuildFile; fileRef = C04DE0ED200EFA6D000A011C /* BucketList.xcdatamodeld */; };
		C0FC059020097D0C00D67C55 /* AppDelegate.swift in Sources */ = {isa = PBXBuildFile; fileRef = C0FC058F20097D0C00D67C55 /* AppDelegate.swift */; };
		C0FC059220097D0D00D67C55 /* BucketListViewController.swift in Sources */ = {isa = PBXBuildFile; fileRef = C0FC059120097D0D00D67C55 /* BucketListViewController.swift */; };
		C0FC059520097D0D00D67C55 /* Main.storyboard in Resources */ = {isa = PBXBuildFile; fileRef = C0FC059320097D0D00D67C55 /* Main.storyboard */; };
		C0FC059720097D0D00D67C55 /* Assets.xcassets in Resources */ = {isa = PBXBuildFile; fileRef = C0FC059620097D0D00D67C55 /* Assets.xcassets */; };
		C0FC059A20097D0D00D67C55 /* LaunchScreen.storyboard in Resources */ = {isa = PBXBuildFile; fileRef = C0FC059820097D0D00D67C55 /* LaunchScreen.storyboard */; };
/* End PBXBuildFile section */

/* Begin PBXFileReference section */
		C01D0C90200ABD4100C489A8 /* AddItemTableViewController.swift */ = {isa = PBXFileReference; lastKnownFileType = sourcecode.swift; path = AddItemTableViewController.swift; sourceTree = "<group>"; };
		C01D0C94200AC16C00C489A8 /* AddItemTableViewControllerDelegate.swift */ = {isa = PBXFileReference; lastKnownFileType = sourcecode.swift; path = AddItemTableViewControllerDelegate.swift; sourceTree = "<group>"; };
		C04DE0EE200EFA6D000A011C /* BucketList.xcdatamodel */ = {isa = PBXFileReference; lastKnownFileType = wrapper.xcdatamodel; path = BucketList.xcdatamodel; sourceTree = "<group>"; };
		C0FC058C20097D0C00D67C55 /* Bucket List.app */ = {isa = PBXFileReference; explicitFileType = wrapper.application; includeInIndex = 0; path = "Bucket List.app"; sourceTree = BUILT_PRODUCTS_DIR; };
		C0FC058F20097D0C00D67C55 /* AppDelegate.swift */ = {isa = PBXFileReference; lastKnownFileType = sourcecode.swift; path = AppDelegate.swift; sourceTree = "<group>"; };
		C0FC059120097D0D00D67C55 /* BucketListViewController.swift */ = {isa = PBXFileReference; lastKnownFileType = sourcecode.swift; path = BucketListViewController.swift; sourceTree = "<group>"; };
		C0FC059420097D0D00D67C55 /* Base */ = {isa = PBXFileReference; lastKnownFileType = file.storyboard; name = Base; path = Base.lproj/Main.storyboard; sourceTree = "<group>"; };
		C0FC059620097D0D00D67C55 /* Assets.xcassets */ = {isa = PBXFileReference; lastKnownFileType = folder.assetcatalog; path = Assets.xcassets; sourceTree = "<group>"; };
		C0FC059920097D0D00D67C55 /* Base */ = {isa = PBXFileReference; lastKnownFileType = file.storyboard; name = Base; path = Base.lproj/LaunchScreen.storyboard; sourceTree = "<group>"; };
		C0FC059B20097D0D00D67C55 /* Info.plist */ = {isa = PBXFileReference; lastKnownFileType = text.plist.xml; path = Info.plist; sourceTree = "<group>"; };
/* End PBXFileReference section */

/* Begin PBXFrameworksBuildPhase section */
		C0FC058920097D0C00D67C55 /* Frameworks */ = {
			isa = PBXFrameworksBuildPhase;
			buildActionMask = 2147483647;
			files = (
			);
			runOnlyForDeploymentPostprocessing = 0;
		};
/* End PBXFrameworksBuildPhase section */

/* Begin PBXGroup section */
		C0FC058320097D0C00D67C55 = {
			isa = PBXGroup;
			children = (
				C0FC058E20097D0C00D67C55 /* Bucket List */,
				C0FC058D20097D0C00D67C55 /* Products */,
			);
			sourceTree = "<group>";
		};
		C0FC058D20097D0C00D67C55 /* Products */ = {
			isa = PBXGroup;
			children = (
				C0FC058C20097D0C00D67C55 /* Bucket List.app */,
			);
			name = Products;
			sourceTree = "<group>";
		};
		C0FC058E20097D0C00D67C55 /* Bucket List */ = {
			isa = PBXGroup;
			children = (
				C0FC058F20097D0C00D67C55 /* AppDelegate.swift */,
				C04DE0ED200EFA6D000A011C /* BucketList.xcdatamodeld */,
				C0FC059120097D0D00D67C55 /* BucketListViewController.swift */,
				C01D0C94200AC16C00C489A8 /* AddItemTableViewControllerDelegate.swift */,
				C0FC059320097D0D00D67C55 /* Main.storyboard */,
				C01D0C90200ABD4100C489A8 /* AddItemTableViewController.swift */,
				C0FC059620097D0D00D67C55 /* Assets.xcassets */,
				C0FC059820097D0D00D67C55 /* LaunchScreen.storyboard */,
				C0FC059B20097D0D00D67C55 /* Info.plist */,
			);
			path = "Bucket List";
			sourceTree = "<group>";
		};
/* End PBXGroup section */

/* Begin PBXNativeTarget section */
		C0FC058B20097D0C00D67C55 /* Bucket List */ = {
			isa = PBXNativeTarget;
			buildConfigurationList = C0FC059E20097D0D00D67C55 /* Build configuration list for PBXNativeTarget "Bucket List" */;
			buildPhases = (
				C0FC058820097D0C00D67C55 /* Sources */,
				C0FC058920097D0C00D67C55 /* Frameworks */,
				C0FC058A20097D0C00D67C55 /* Resources */,
			);
			buildRules = (
			);
			dependencies = (
			);
			name = "Bucket List";
			productName = "Bucket List";
			productReference = C0FC058C20097D0C00D67C55 /* Bucket List.app */;
			productType = "com.apple.product-type.application";
		};
/* End PBXNativeTarget section */

/* Begin PBXProject section */
		C0FC058420097D0C00D67C55 /* Project object */ = {
			isa = PBXProject;
			attributes = {
				LastSwiftUpdateCheck = 0920;
				LastUpgradeCheck = 0920;
				ORGANIZATIONNAME = "Andy Kwong";
				TargetAttributes = {
					C0FC058B20097D0C00D67C55 = {
						CreatedOnToolsVersion = 9.2;
						ProvisioningStyle = Automatic;
					};
				};
			};
			buildConfigurationList = C0FC058720097D0C00D67C55 /* Build configuration list for PBXProject "Bucket List" */;
			compatibilityVersion = "Xcode 8.0";
			developmentRegion = en;
			hasScannedForEncodings = 0;
			knownRegions = (
				en,
				Base,
			);
			mainGroup = C0FC058320097D0C00D67C55;
			productRefGroup = C0FC058D20097D0C00D67C55 /* Products */;
			projectDirPath = "";
			projectRoot = "";
			targets = (
				C0FC058B20097D0C00D67C55 /* Bucket List */,
			);
		};
/* End PBXProject section */

/* Begin PBXResourcesBuildPhase section */
		C0FC058A20097D0C00D67C55 /* Resources */ = {
			isa = PBXResourcesBuildPhase;
			buildActionMask = 2147483647;
			files = (
				C0FC059A20097D0D00D67C55 /* LaunchScreen.storyboard in Resources */,
				C0FC059720097D0D00D67C55 /* Assets.xcassets in Resources */,
				C0FC059520097D0D00D67C55 /* Main.storyboard in Resources */,
			);
			runOnlyForDeploymentPostprocessing = 0;
		};
/* End PBXResourcesBuildPhase section */

/* Begin PBXSourcesBuildPhase section */
		C0FC058820097D0C00D67C55 /* Sources */ = {
			isa = PBXSourcesBuildPhase;
			buildActionMask = 2147483647;
			files = (
				C0FC059220097D0D00D67C55 /* BucketListViewController.swift in Sources */,
				C0FC059020097D0C00D67C55 /* AppDelegate.swift in Sources */,
				C04DE0EF200EFA6D000A011C /* BucketList.xcdatamodeld in Sources */,
				C01D0C95200AC16C00C489A8 /* AddItemTableViewControllerDelegate.swift in Sources */,
				C01D0C91200ABD4100C489A8 /* AddItemTableViewController.swift in Sources */,
			);
			runOnlyForDeploymentPostprocessing = 0;
		};
/* End PBXSourcesBuildPhase section */

/* Begin PBXVariantGroup section */
		C0FC059320097D0D00D67C55 /* Main.storyboard */ = {
			isa = PBXVariantGroup;
			children = (
				C0FC059420097D0D00D67C55 /* Base */,
			);
			name = Main.storyboard;
			sourceTree = "<group>";
		};
		C0FC059820097D0D00D67C55 /* LaunchScreen.storyboard */ = {
			isa = PBXVariantGroup;
			children = (
				C0FC059920097D0D00D67C55 /* Base */,
			);
			name = LaunchScreen.storyboard;
			sourceTree = "<group>";
		};
/* End PBXVariantGroup section */

/* Begin XCBuildConfiguration section */
		C0FC059C20097D0D00D67C55 /* Debug */ = {
			isa = XCBuildConfiguration;
			buildSettings = {
				ALWAYS_SEARCH_USER_PATHS = NO;
				CLANG_ANALYZER_NONNULL = YES;
				CLANG_ANALYZER_NUMBER_OBJECT_CONVERSION = YES_AGGRESSIVE;
				CLANG_CXX_LANGUAGE_STANDARD = "gnu++14";
				CLANG_CXX_LIBRARY = "libc++";
				CLANG_ENABLE_MODULES = YES;
				CLANG_ENABLE_OBJC_ARC = YES;
				CLANG_WARN_BLOCK_CAPTURE_AUTORELEASING = YES;
				CLANG_WARN_BOOL_CONVERSION = YES;
				CLANG_WARN_COMMA = YES;
				CLANG_WARN_CONSTANT_CONVERSION = YES;
				CLANG_WARN_DIRECT_OBJC_ISA_USAGE = YES_ERROR;
				CLANG_WARN_DOCUMENTATION_COMMENTS = YES;
				CLANG_WARN_EMPTY_BODY = YES;
				CLANG_WARN_ENUM_CONVERSION = YES;
				CLANG_WARN_INFINITE_RECURSION = YES;
				CLANG_WARN_INT_CONVERSION = YES;
				CLANG_WARN_NON_LITERAL_NULL_CONVERSION = YES;
				CLANG_WARN_OBJC_LITERAL_CONVERSION = YES;
				CLANG_WARN_OBJC_ROOT_CLASS = YES_ERROR;
				CLANG_WARN_RANGE_LOOP_ANALYSIS = YES;
				CLANG_WARN_STRICT_PROTOTYPES = YES;
				CLANG_WARN_SUSPICIOUS_MOVE = YES;
				CLANG_WARN_UNGUARDED_AVAILABILITY = YES_AGGRESSIVE;
				CLANG_WARN_UNREACHABLE_CODE = YES;
				CLANG_WARN__DUPLICATE_METHOD_MATCH = YES;
				CODE_SIGN_IDENTITY = "iPhone Developer";
				COPY_PHASE_STRIP = NO;
				DEBUG_INFORMATION_FORMAT = dwarf;
				ENABLE_STRICT_OBJC_MSGSEND = YES;
				ENABLE_TESTABILITY = YES;
				GCC_C_LANGUAGE_STANDARD = gnu11;
				GCC_DYNAMIC_NO_PIC = NO;
				GCC_NO_COMMON_BLOCKS = YES;
				GCC_OPTIMIZATION_LEVEL = 0;
				GCC_PREPROCESSOR_DEFINITIONS = (
					"DEBUG=1",
					"$(inherited)",
				);
				GCC_WARN_64_TO_32_BIT_CONVERSION = YES;
				GCC_WARN_ABOUT_RETURN_TYPE = YES_ERROR;
				GCC_WARN_UNDECLARED_SELECTOR = YES;
				GCC_WARN_UNINITIALIZED_AUTOS = YES_AGGRESSIVE;
				GCC_WARN_UNUSED_FUNCTION = YES;
				GCC_WARN_UNUSED_VARIABLE = YES;
				IPHONEOS_DEPLOYMENT_TARGET = 11.2;
				MTL_ENABLE_DEBUG_INFO = YES;
				ONLY_ACTIVE_ARCH = YES;
				SDKROOT = iphoneos;
				SWIFT_ACTIVE_COMPILATION_CONDITIONS = DEBUG;
				SWIFT_OPTIMIZATION_LEVEL = "-Onone";
			};
			name = Debug;
		};
		C0FC059D20097D0D00D67C55 /* Release */ = {
			isa = XCBuildConfiguration;
			buildSettings = {
				ALWAYS_SEARCH_USER_PATHS = NO;
				CLANG_ANALYZER_NONNULL = YES;
				CLANG_ANALYZER_NUMBER_OBJECT_CONVERSION = YES_AGGRESSIVE;
				CLANG_CXX_LANGUAGE_STANDARD = "gnu++14";
				CLANG_CXX_LIBRARY = "libc++";
				CLANG_ENABLE_MODULES = YES;
				CLANG_ENABLE_OBJC_ARC = YES;
				CLANG_WARN_BLOCK_CAPTURE_AUTORELEASING = YES;
				CLANG_WARN_BOOL_CONVERSION = YES;
				CLANG_WARN_COMMA = YES;
				CLANG_WARN_CONSTANT_CONVERSION = YES;
				CLANG_WARN_DIRECT_OBJC_ISA_USAGE = YES_ERROR;
				CLANG_WARN_DOCUMENTATION_COMMENTS = YES;
				CLANG_WARN_EMPTY_BODY = YES;
				CLANG_WARN_ENUM_CONVERSION = YES;
				CLANG_WARN_INFINITE_RECURSION = YES;
				CLANG_WARN_INT_CONVERSION = YES;
				CLANG_WARN_NON_LITERAL_NULL_CONVERSION = YES;
				CLANG_WARN_OBJC_LITERAL_CONVERSION = YES;
				CLANG_WARN_OBJC_ROOT_CLASS = YES_ERROR;
				CLANG_WARN_RANGE_LOOP_ANALYSIS = YES;
				CLANG_WARN_STRICT_PROTOTYPES = YES;
				CLANG_WARN_SUSPICIOUS_MOVE = YES;
				CLANG_WARN_UNGUARDED_AVAILABILITY = YES_AGGRESSIVE;
				CLANG_WARN_UNREACHABLE_CODE = YES;
				CLANG_WARN__DUPLICATE_METHOD_MATCH = YES;
				CODE_SIGN_IDENTITY = "iPhone Developer";
				COPY_PHASE_STRIP = NO;
				DEBUG_INFORMATION_FORMAT = "dwarf-with-dsym";
				ENABLE_NS_ASSERTIONS = NO;
				ENABLE_STRICT_OBJC_MSGSEND = YES;
				GCC_C_LANGUAGE_STANDARD = gnu11;
				GCC_NO_COMMON_BLOCKS = YES;
				GCC_WARN_64_TO_32_BIT_CONVERSION = YES;
				GCC_WARN_ABOUT_RETURN_TYPE = YES_ERROR;
				GCC_WARN_UNDECLARED_SELECTOR = YES;
				GCC_WARN_UNINITIALIZED_AUTOS = YES_AGGRESSIVE;
				GCC_WARN_UNUSED_FUNCTION = YES;
				GCC_WARN_UNUSED_VARIABLE = YES;
				IPHONEOS_DEPLOYMENT_TARGET = 11.2;
				MTL_ENABLE_DEBUG_INFO = NO;
				SDKROOT = iphoneos;
				SWIFT_OPTIMIZATION_LEVEL = "-Owholemodule";
				VALIDATE_PRODUCT = YES;
			};
			name = Release;
		};
		C0FC059F20097D0D00D67C55 /* Debug */ = {
			isa = XCBuildConfiguration;
			buildSettings = {
				ASSETCATALOG_COMPILER_APPICON_NAME = AppIcon;
				CODE_SIGN_STYLE = Automatic;
				DEVELOPMENT_TEAM = GZGUE69R79;
				INFOPLIST_FILE = "Bucket List/Info.plist";
				LD_RUNPATH_SEARCH_PATHS = "$(inherited) @executable_path/Frameworks";
				PRODUCT_BUNDLE_IDENTIFIER = "ly.trailwise.Bucket-List";
				PRODUCT_NAME = "$(TARGET_NAME)";
				SWIFT_VERSION = 4.0;
				TARGETED_DEVICE_FAMILY = "1,2";
			};
			name = Debug;
		};
		C0FC05A020097D0D00D67C55 /* Release */ = {
			isa = XCBuildConfiguration;
			buildSettings = {
				ASSETCATALOG_COMPILER_APPICON_NAME = AppIcon;
				CODE_SIGN_STYLE = Automatic;
				DEVELOPMENT_TEAM = GZGUE69R79;
				INFOPLIST_FILE = "Bucket List/Info.plist";
				LD_RUNPATH_SEARCH_PATHS = "$(inherited) @executable_path/Frameworks";
				PRODUCT_BUNDLE_IDENTIFIER = "ly.trailwise.Bucket-List";
				PRODUCT_NAME = "$(TARGET_NAME)";
				SWIFT_VERSION = 4.0;
				TARGETED_DEVICE_FAMILY = "1,2";
			};
			name = Release;
		};
/* End XCBuildConfiguration section */

/* Begin XCConfigurationList section */
		C0FC058720097D0C00D67C55 /* Build configuration list for PBXProject "Bucket List" */ = {
			isa = XCConfigurationList;
			buildConfigurations = (
				C0FC059C20097D0D00D67C55 /* Debug */,
				C0FC059D20097D0D00D67C55 /* Release */,
			);
			defaultConfigurationIsVisible = 0;
			defaultConfigurationName = Release;
		};
		C0FC059E20097D0D00D67C55 /* Build configuration list for PBXNativeTarget "Bucket List" */ = {
			isa = XCConfigurationList;
			buildConfigurations = (
				C0FC059F20097D0D00D67C55 /* Debug */,
				C0FC05A020097D0D00D67C55 /* Release */,
			);
			defaultConfigurationIsVisible = 0;
			defaultConfigurationName = Release;
		};
/* End XCConfigurationList section */

/* Begin XCVersionGroup section */
		C04DE0ED200EFA6D000A011C /* BucketList.xcdatamodeld */ = {
			isa = XCVersionGroup;
			children = (
				C04DE0EE200EFA6D000A011C /* BucketList.xcdatamodel */,
			);
			currentVersion = C04DE0EE200EFA6D000A011C /* BucketList.xcdatamodel */;
			path = BucketList.xcdatamodeld;
			sourceTree = "<group>";
			versionGroupType = wrapper.xcdatamodel;
		};
/* End XCVersionGroup section */
	};
	rootObject = C0FC058420097D0C00D67C55 /* Project object */;
}
